// !$*UTF8*$!
{
	archiveVersion = 1;
	classes = {
	};
	objectVersion = 77;
	objects = {

/* Begin PBXBuildFile section */
		9D45EF9D2F6998D300E02F08 /* GreenRouteService in Frameworks */ = {isa = PBXBuildFile; productRef = 9D45EF9C2F6998D300E02F08 /* GreenRouteService */; };
		9D45EF9F2F6998D700E02F08 /* GreenRouteData in Frameworks */ = {isa = PBXBuildFile; productRef = 9D45EF9E2F6998D700E02F08 /* GreenRouteData */; };
		9DEE0A2C2FA0C8C100F9A018 /* GreenRouteDomain in Frameworks */ = {isa = PBXBuildFile; productRef = 9DEE0A2B2FA0C8C100F9A018 /* GreenRouteDomain */; };
/* End PBXBuildFile section */

/* Begin PBXContainerItemProxy section */
		9D8D6ED82F52FA9F00E8FAC5 /* PBXContainerItemProxy */ = {
			isa = PBXContainerItemProxy;
			containerPortal = 9D8D6EC02F52FA9E00E8FAC5 /* Project object */;
			proxyType = 1;
			remoteGlobalIDString = 9D8D6EC72F52FA9E00E8FAC5;
			remoteInfo = GreenRoute;
		};
		9D8D6EE22F52FA9F00E8FAC5 /* PBXContainerItemProxy */ = {
			isa = PBXContainerItemProxy;
			containerPortal = 9D8D6EC02F52FA9E00E8FAC5 /* Project object */;
			proxyType = 1;
			remoteGlobalIDString = 9D8D6EC72F52FA9E00E8FAC5;
			remoteInfo = GreenRoute;
		};
/* End PBXContainerItemProxy section */

/* Begin PBXFileReference section */
		9D8D6EC82F52FA9E00E8FAC5 /* GreenRoute.app */ = {isa = PBXFileReference; explicitFileType = wrapper.application; includeInIndex = 0; path = GreenRoute.app; sourceTree = BUILT_PRODUCTS_DIR; };
		9D8D6ED72F52FA9F00E8FAC5 /* GreenRouteTests.xctest */ = {isa = PBXFileReference; explicitFileType = wrapper.cfbundle; includeInIndex = 0; path = GreenRouteTests.xctest; sourceTree = BUILT_PRODUCTS_DIR; };
		9D8D6EE12F52FA9F00E8FAC5 /* GreenRouteUITests.xctest */ = {isa = PBXFileReference; explicitFileType = wrapper.cfbundle; includeInIndex = 0; path = GreenRouteUITests.xctest; sourceTree = BUILT_PRODUCTS_DIR; };
/* End PBXFileReference section */

/* Begin PBXFileSystemSynchronizedBuildFileExceptionSet section */
		9DEE0A2E2FA0D31A00F9A018 /* Exceptions for "GreenRoute" folder in "GreenRoute" target */ = {
			isa = PBXFileSystemSynchronizedBuildFileExceptionSet;
			membershipExceptions = (
				Info.plist,
			);
			target = 9D8D6EC72F52FA9E00E8FAC5 /* GreenRoute */;
		};
/* End PBXFileSystemSynchronizedBuildFileExceptionSet section */

/* Begin PBXFileSystemSynchronizedRootGroup section */
		9D8D6ECA2F52FA9E00E8FAC5 /* GreenRoute */ = {
			isa = PBXFileSystemSynchronizedRootGroup;
			exceptions = (
				9DEE0A2E2FA0D31A00F9A018 /* Exceptions for "GreenRoute" folder in "GreenRoute" target */,
			);
			path = GreenRoute;
			sourceTree = "<group>";
		};
		9D8D6EDA2F52FA9F00E8FAC5 /* GreenRouteTests */ = {
			isa = PBXFileSystemSynchronizedRootGroup;
			path = GreenRouteTests;
			sourceTree = "<group>";
		};
		9D8D6EE42F52FA9F00E8FAC5 /* GreenRouteUITests */ = {
			isa = PBXFileSystemSynchronizedRootGroup;
			path = GreenRouteUITests;
			sourceTree = "<group>";
		};
/* End PBXFileSystemSynchronizedRootGroup section */

/* Begin PBXFrameworksBuildPhase section */
		9D8D6EC52F52FA9E00E8FAC5 /* Frameworks */ = {
			isa = PBXFrameworksBuildPhase;
			buildActionMask = 2147483647;
			files = (
				9D45EF9F2F6998D700E02F08 /* GreenRouteData in Frameworks */,
				9DEE0A2C2FA0C8C100F9A018 /* GreenRouteDomain in Frameworks */,
				9D45EF9D2F6998D300E02F08 /* GreenRouteService in Frameworks */,
			);
			runOnlyForDeploymentPostprocessing = 0;
		};
		9D8D6ED42F52FA9F00E8FAC5 /* Frameworks */ = {
			isa = PBXFrameworksBuildPhase;
			buildActionMask = 2147483647;
			files = (
			);
			runOnlyForDeploymentPostprocessing = 0;
		};
		9D8D6EDE2F52FA9F00E8FAC5 /* Frameworks */ = {
			isa = PBXFrameworksBuildPhase;
			buildActionMask = 2147483647;
			files = (
			);
			runOnlyForDeploymentPostprocessing = 0;
		};
/* End PBXFrameworksBuildPhase section */

/* Begin PBXGroup section */
		9D45EF9B2F6998D300E02F08 /* Frameworks */ = {
			isa = PBXGroup;
			children = (
			);
			name = Frameworks;
			sourceTree = "<group>";
		};
		9D8D6EBF2F52FA9E00E8FAC5 = {
			isa = PBXGroup;
			children = (
				9D8D6ECA2F52FA9E00E8FAC5 /* GreenRoute */,
				9D8D6EDA2F52FA9F00E8FAC5 /* GreenRouteTests */,
				9D8D6EE42F52FA9F00E8FAC5 /* GreenRouteUITests */,
				9D45EF9B2F6998D300E02F08 /* Frameworks */,
				9D8D6EC92F52FA9E00E8FAC5 /* Products */,
			);
			sourceTree = "<group>";
		};
		9D8D6EC92F52FA9E00E8FAC5 /* Products */ = {
			isa = PBXGroup;
			children = (
				9D8D6EC82F52FA9E00E8FAC5 /* GreenRoute.app */,
				9D8D6ED72F52FA9F00E8FAC5 /* GreenRouteTests.xctest */,
				9D8D6EE12F52FA9F00E8FAC5 /* GreenRouteUITests.xctest */,
			);
			name = Products;
			sourceTree = "<group>";
		};
/* End PBXGroup section */

/* Begin PBXNativeTarget section */
		9D8D6EC72F52FA9E00E8FAC5 /* GreenRoute */ = {
			isa = PBXNativeTarget;
			buildConfigurationList = 9D8D6EEB2F52FA9F00E8FAC5 /* Build configuration list for PBXNativeTarget "GreenRoute" */;
			buildPhases = (
				9D8D6EC42F52FA9E00E8FAC5 /* Sources */,
				9D8D6EC52F52FA9E00E8FAC5 /* Frameworks */,
				9D8D6EC62F52FA9E00E8FAC5 /* Resources */,
			);
			buildRules = (
			);
			dependencies = (
			);
			fileSystemSynchronizedGroups = (
				9D8D6ECA2F52FA9E00E8FAC5 /* GreenRoute */,
			);
			name = GreenRoute;
			packageProductDependencies = (
				9D45EF9C2F6998D300E02F08 /* GreenRouteService */,
				9D45EF9E2F6998D700E02F08 /* GreenRouteData */,
				9DEE0A2B2FA0C8C100F9A018 /* GreenRouteDomain */,
			);
			productName = GreenRoute;
			productReference = 9D8D6EC82F52FA9E00E8FAC5 /* GreenRoute.app */;
			productType = "com.apple.product-type.application";
		};
		9D8D6ED62F52FA9F00E8FAC5 /* GreenRouteTests */ = {
			isa = PBXNativeTarget;
			buildConfigurationList = 9D8D6EEE2F52FA9F00E8FAC5 /* Build configuration list for PBXNativeTarget "GreenRouteTests" */;
			buildPhases = (
				9D8D6ED32F52FA9F00E8FAC5 /* Sources */,
				9D8D6ED42F52FA9F00E8FAC5 /* Frameworks */,
				9D8D6ED52F52FA9F00E8FAC5 /* Resources */,
			);
			buildRules = (
			);
			dependencies = (
				9D8D6ED92F52FA9F00E8FAC5 /* PBXTargetDependency */,
			);
			fileSystemSynchronizedGroups = (
				9D8D6EDA2F52FA9F00E8FAC5 /* GreenRouteTests */,
			);
			name = GreenRouteTests;
			packageProductDependencies = (
			);
			productName = GreenRouteTests;
			productReference = 9D8D6ED72F52FA9F00E8FAC5 /* GreenRouteTests.xctest */;
			productType = "com.apple.product-type.bundle.unit-test";
		};
		9D8D6EE02F52FA9F00E8FAC5 /* GreenRouteUITests */ = {
			isa = PBXNativeTarget;
			buildConfigurationList = 9D8D6EF12F52FA9F00E8FAC5 /* Build configuration list for PBXNativeTarget "GreenRouteUITests" */;
			buildPhases = (
				9D8D6EDD2F52FA9F00E8FAC5 /* Sources */,
				9D8D6EDE2F52FA9F00E8FAC5 /* Frameworks */,
				9D8D6EDF2F52FA9F00E8FAC5 /* Resources */,
			);
			buildRules = (
			);
			dependencies = (
				9D8D6EE32F52FA9F00E8FAC5 /* PBXTargetDependency */,
			);
			fileSystemSynchronizedGroups = (
				9D8D6EE42F52FA9F00E8FAC5 /* GreenRouteUITests */,
			);
			name = GreenRouteUITests;
			packageProductDependencies = (
			);
			productName = GreenRouteUITests;
			productReference = 9D8D6EE12F52FA9F00E8FAC5 /* GreenRouteUITests.xctest */;
			productType = "com.apple.product-type.bundle.ui-testing";
		};
/* End PBXNativeTarget section */

/* Begin PBXProject section */
		9D8D6EC02F52FA9E00E8FAC5 /* Project object */ = {
			isa = PBXProject;
			attributes = {
				BuildIndependentTargetsInParallel = 1;
				LastSwiftUpdateCheck = 2620;
				LastUpgradeCheck = 2640;
				TargetAttributes = {
					9D8D6EC72F52FA9E00E8FAC5 = {
						CreatedOnToolsVersion = 26.2;
					};
					9D8D6ED62F52FA9F00E8FAC5 = {
						CreatedOnToolsVersion = 26.2;
						TestTargetID = 9D8D6EC72F52FA9E00E8FAC5;
					};
					9D8D6EE02F52FA9F00E8FAC5 = {
						CreatedOnToolsVersion = 26.2;
						TestTargetID = 9D8D6EC72F52FA9E00E8FAC5;
					};
				};
			};
			buildConfigurationList = 9D8D6EC32F52FA9E00E8FAC5 /* Build configuration list for PBXProject "GreenRoute" */;
			developmentRegion = en;
			hasScannedForEncodings = 0;
			knownRegions = (
				en,
				Base,
			);
			mainGroup = 9D8D6EBF2F52FA9E00E8FAC5;
			minimizedProjectReferenceProxies = 1;
			packageReferences = (
				9D45EF922F6997AB00E02F08 /* XCLocalSwiftPackageReference "Packages/GreenRouteData" */,
				9D45EF932F6997B800E02F08 /* XCLocalSwiftPackageReference "Packages/GreenRouteService" */,
				9D41E6772FA0C86300359536 /* XCLocalSwiftPackageReference "Packages/GreenRouteDomain" */,
			);
			preferredProjectObjectVersion = 77;
			productRefGroup = 9D8D6EC92F52FA9E00E8FAC5 /* Products */;
			projectDirPath = "";
			projectRoot = "";
			targets = (
				9D8D6EC72F52FA9E00E8FAC5 /* GreenRoute */,
				9D8D6ED62F52FA9F00E8FAC5 /* GreenRouteTests */,
				9D8D6EE02F52FA9F00E8FAC5 /* GreenRouteUITests */,
			);
		};
/* End PBXProject section */

/* Begin PBXResourcesBuildPhase section */
		9D8D6EC62F52FA9E00E8FAC5 /* Resources */ = {
			isa = PBXResourcesBuildPhase;
			buildActionMask = 2147483647;
			files = (
			);
			runOnlyForDeploymentPostprocessing = 0;
		};
		9D8D6ED52F52FA9F00E8FAC5 /* Resources */ = {
			isa = PBXResourcesBuildPhase;
			buildActionMask = 2147483647;
			files = (
			);
			runOnlyForDeploymentPostprocessing = 0;
		};
		9D8D6EDF2F52FA9F00E8FAC5 /* Resources */ = {
			isa = PBXResourcesBuildPhase;
			buildActionMask = 2147483647;
			files = (
			);
			runOnlyForDeploymentPostprocessing = 0;
		};
/* End PBXResourcesBuildPhase section */

/* Begin PBXSourcesBuildPhase section */
		9D8D6EC42F52FA9E00E8FAC5 /* Sources */ = {
			isa = PBXSourcesBuildPhase;
			buildActionMask = 2147483647;
			files = (
			);
			runOnlyForDeploymentPostprocessing = 0;
		};
		9D8D6ED32F52FA9F00E8FAC5 /* Sources */ = {
			isa = PBXSourcesBuildPhase;
			buildActionMask = 2147483647;
			files = (
			);
			runOnlyForDeploymentPostprocessing = 0;
		};
		9D8D6EDD2F52FA9F00E8FAC5 /* Sources */ = {
			isa = PBXSourcesBuildPhase;
			buildActionMask = 2147483647;
			files = (
			);
			runOnlyForDeploymentPostprocessing = 0;
		};
/* End PBXSourcesBuildPhase section */

/* Begin PBXTargetDependency section */
		9D8D6ED92F52FA9F00E8FAC5 /* PBXTargetDependency */ = {
			isa = PBXTargetDependency;
			target = 9D8D6EC72F52FA9E00E8FAC5 /* GreenRoute */;
			targetProxy = 9D8D6ED82F52FA9F00E8FAC5 /* PBXContainerItemProxy */;
		};
		9D8D6EE32F52FA9F00E8FAC5 /* PBXTargetDependency */ = {
			isa = PBXTargetDependency;
			target = 9D8D6EC72F52FA9E00E8FAC5 /* GreenRoute */;
			targetProxy = 9D8D6EE22F52FA9F00E8FAC5 /* PBXContainerItemProxy */;
		};
/* End PBXTargetDependency section */

/* Begin XCBuildConfiguration section */
		9D8D6EE92F52FA9F00E8FAC5 /* Debug */ = {
			isa = XCBuildConfiguration;
			buildSettings = {
				ALWAYS_SEARCH_USER_PATHS = NO;
				ASSETCATALOG_COMPILER_GENERATE_SWIFT_ASSET_SYMBOL_EXTENSIONS = YES;
				CLANG_ANALYZER_NONNULL = YES;
				CLANG_ANALYZER_NUMBER_OBJECT_CONVERSION = YES_AGGRESSIVE;
				CLANG_CXX_LANGUAGE_STANDARD = "gnu++20";
				CLANG_ENABLE_MODULES = YES;
				CLANG_ENABLE_OBJC_ARC = YES;
				CLANG_ENABLE_OBJC_WEAK = YES;
				CLANG_WARN_BLOCK_CAPTURE_AUTORELEASING = YES;
				CLANG_WARN_BOOL_CONVERSION = YES;
				CLANG_WARN_COMMA = YES;
				CLANG_WARN_CONSTANT_CONVERSION = YES;
				CLANG_WARN_DEPRECATED_OBJC_IMPLEMENTATIONS = YES;
				CLANG_WARN_DIRECT_OBJC_ISA_USAGE = YES_ERROR;
				CLANG_WARN_DOCUMENTATION_COMMENTS = YES;
				CLANG_WARN_EMPTY_BODY = YES;
				CLANG_WARN_ENUM_CONVERSION = YES;
				CLANG_WARN_INFINITE_RECURSION = YES;
				CLANG_WARN_INT_CONVERSION = YES;
				CLANG_WARN_NON_LITERAL_NULL_CONVERSION = YES;
				CLANG_WARN_OBJC_IMPLICIT_RETAIN_SELF = YES;
				CLANG_WARN_OBJC_LITERAL_CONVERSION = YES;
				CLANG_WARN_OBJC_ROOT_CLASS = YES_ERROR;
				CLANG_WARN_QUOTED_INCLUDE_IN_FRAMEWORK_HEADER = YES;
				CLANG_WARN_RANGE_LOOP_ANALYSIS = YES;
				CLANG_WARN_STRICT_PROTOTYPES = YES;
				CLANG_WARN_SUSPICIOUS_MOVE = YES;
				CLANG_WARN_UNGUARDED_AVAILABILITY = YES_AGGRESSIVE;
				CLANG_WARN_UNREACHABLE_CODE = YES;
				CLANG_WARN__DUPLICATE_METHOD_MATCH = YES;
				COPY_PHASE_STRIP = NO;
				DEBUG_INFORMATION_FORMAT = dwarf;
				DEVELOPMENT_TEAM = JX5A77F37B;
				ENABLE_STRICT_OBJC_MSGSEND = YES;
				ENABLE_TESTABILITY = YES;
				ENABLE_USER_SCRIPT_SANDBOXING = YES;
				GCC_C_LANGUAGE_STANDARD = gnu17;
				GCC_DYNAMIC_NO_PIC = NO;
				GCC_NO_COMMON_BLOCKS = YES;
				GCC_OPTIMIZATION_LEVEL = 0;
				GCC_PREPROCESSOR_DEFINITIONS = (
					"DEBUG=1",
					"$(inherited)",
				);
				GCC_WARN_64_TO_32_BIT_CONVERSION = YES;
				GCC_WARN_ABOUT_RETURN_TYPE = YES_ERROR;
				GCC_WARN_UNDECLARED_SELECTOR = YES;
				GCC_WARN_UNINITIALIZED_AUTOS = YES_AGGRESSIVE;
				GCC_WARN_UNUSED_FUNCTION = YES;
				GCC_WARN_UNUSED_VARIABLE = YES;
				IPHONEOS_DEPLOYMENT_TARGET = 26.2;
				LOCALIZATION_PREFERS_STRING_CATALOGS = YES;
				MTL_ENABLE_DEBUG_INFO = INCLUDE_SOURCE;
				MTL_FAST_MATH = YES;
				ONLY_ACTIVE_ARCH = YES;
				SDKROOT = iphoneos;
				STRING_CATALOG_GENERATE_SYMBOLS = YES;
				SWIFT_ACTIVE_COMPILATION_CONDITIONS = "DEBUG $(inherited)";
				SWIFT_OPTIMIZATION_LEVEL = "-Onone";
			};
			name = Debug;
		};
		9D8D6EEA2F52FA9F00E8FAC5 /* Release */ = {
			isa = XCBuildConfiguration;
			buildSettings = {
				ALWAYS_SEARCH_USER_PATHS = NO;
				ASSETCATALOG_COMPILER_GENERATE_SWIFT_ASSET_SYMBOL_EXTENSIONS = YES;
				CLANG_ANALYZER_NONNULL = YES;
				CLANG_ANALYZER_NUMBER_OBJECT_CONVERSION = YES_AGGRESSIVE;
				CLANG_CXX_LANGUAGE_STANDARD = "gnu++20";
				CLANG_ENABLE_MODULES = YES;
				CLANG_ENABLE_OBJC_ARC = YES;
				CLANG_ENABLE_OBJC_WEAK = YES;
				CLANG_WARN_BLOCK_CAPTURE_AUTORELEASING = YES;
				CLANG_WARN_BOOL_CONVERSION = YES;
				CLANG_WARN_COMMA = YES;
				CLANG_WARN_CONSTANT_CONVERSION = YES;
				CLANG_WARN_DEPRECATED_OBJC_IMPLEMENTATIONS = YES;
				CLANG_WARN_DIRECT_OBJC_ISA_USAGE = YES_ERROR;
				CLANG_WARN_DOCUMENTATION_COMMENTS = YES;
				CLANG_WARN_EMPTY_BODY = YES;
				CLANG_WARN_ENUM_CONVERSION = YES;
				CLANG_WARN_INFINITE_RECURSION = YES;
				CLANG_WARN_INT_CONVERSION = YES;
				CLANG_WARN_NON_LITERAL_NULL_CONVERSION = YES;
				CLANG_WARN_OBJC_IMPLICIT_RETAIN_SELF = YES;
				CLANG_WARN_OBJC_LITERAL_CONVERSION = YES;
				CLANG_WARN_OBJC_ROOT_CLASS = YES_ERROR;
				CLANG_WARN_QUOTED_INCLUDE_IN_FRAMEWORK_HEADER = YES;
				CLANG_WARN_RANGE_LOOP_ANALYSIS = YES;
				CLANG_WARN_STRICT_PROTOTYPES = YES;
				CLANG_WARN_SUSPICIOUS_MOVE = YES;
				CLANG_WARN_UNGUARDED_AVAILABILITY = YES_AGGRESSIVE;
				CLANG_WARN_UNREACHABLE_CODE = YES;
				CLANG_WARN__DUPLICATE_METHOD_MATCH = YES;
				COPY_PHASE_STRIP = NO;
				DEBUG_INFORMATION_FORMAT = "dwarf-with-dsym";
				DEVELOPMENT_TEAM = JX5A77F37B;
				ENABLE_NS_ASSERTIONS = NO;
				ENABLE_STRICT_OBJC_MSGSEND = YES;
				ENABLE_USER_SCRIPT_SANDBOXING = YES;
				GCC_C_LANGUAGE_STANDARD = gnu17;
				GCC_NO_COMMON_BLOCKS = YES;
				GCC_WARN_64_TO_32_BIT_CONVERSION = YES;
				GCC_WARN_ABOUT_RETURN_TYPE = YES_ERROR;
				GCC_WARN_UNDECLARED_SELECTOR = YES;
				GCC_WARN_UNINITIALIZED_AUTOS = YES_AGGRESSIVE;
				GCC_WARN_UNUSED_FUNCTION = YES;
				GCC_WARN_UNUSED_VARIABLE = YES;
				IPHONEOS_DEPLOYMENT_TARGET = 26.2;
				LOCALIZATION_PREFERS_STRING_CATALOGS = YES;
				MTL_ENABLE_DEBUG_INFO = NO;
				MTL_FAST_MATH = YES;
				SDKROOT = iphoneos;
				STRING_CATALOG_GENERATE_SYMBOLS = YES;
				SWIFT_COMPILATION_MODE = wholemodule;
				VALIDATE_PRODUCT = YES;
			};
			name = Release;
		};
		9D8D6EEC2F52FA9F00E8FAC5 /* Debug */ = {
			isa = XCBuildConfiguration;
			buildSettings = {
				ASSETCATALOG_COMPILER_APPICON_NAME = AppIcon;
				ASSETCATALOG_COMPILER_GLOBAL_ACCENT_COLOR_NAME = AccentColor;
				CODE_SIGN_STYLE = Automatic;
				CURRENT_PROJECT_VERSION = 1;
				DEVELOPMENT_TEAM = JX5A77F37B;
				ENABLE_PREVIEWS = YES;
				GENERATE_INFOPLIST_FILE = YES;
				INFOPLIST_FILE = GreenRoute/Info.plist;
				INFOPLIST_KEY_BGTaskSchedulerPermittedIdentifiers = com.greenroute.inactivity;
				INFOPLIST_KEY_NSLocationAlwaysAndWhenInUseUsageDescription = "Green​Route uses your location to suggest green breaks even when the app is in the background.\nGreen​Route uses your location to suggest green breaks even when the app is in the background";
				INFOPLIST_KEY_NSLocationWhenInUseUsageDescription = "GreenRoute uses your location to find green areas nearby";
				INFOPLIST_KEY_NSMotionUsageDescription = "GreenRoute uses Motion Data";
				INFOPLIST_KEY_UIApplicationSceneManifest_Generation = YES;
				INFOPLIST_KEY_UIApplicationSupportsIndirectInputEvents = YES;
				INFOPLIST_KEY_UIBackgroundModes = "fetch location";
				INFOPLIST_KEY_UILaunchScreen_Generation = YES;
				INFOPLIST_KEY_UISupportedInterfaceOrientations_iPad = "UIInterfaceOrientationPortrait UIInterfaceOrientationPortraitUpsideDown UIInterfaceOrientationLandscapeLeft UIInterfaceOrientationLandscapeRight";
				INFOPLIST_KEY_UISupportedInterfaceOrientations_iPhone = "UIInterfaceOrientationPortrait UIInterfaceOrientationLandscapeLeft UIInterfaceOrientationLandscapeRight";
				LD_RUNPATH_SEARCH_PATHS = (
					"$(inherited)",
					"@executable_path/Frameworks",
				);
				MARKETING_VERSION = 1.0;
				PRODUCT_BUNDLE_IDENTIFIER = com.fegdgtr.greenroute;
				PRODUCT_NAME = "$(TARGET_NAME)";
				STRING_CATALOG_GENERATE_SYMBOLS = YES;
				SWIFT_APPROACHABLE_CONCURRENCY = YES;
				SWIFT_DEFAULT_ACTOR_ISOLATION = MainActor;
				SWIFT_EMIT_LOC_STRINGS = YES;
				SWIFT_UPCOMING_FEATURE_MEMBER_IMPORT_VISIBILITY = YES;
				SWIFT_VERSION = 5.0;
				TARGETED_DEVICE_FAMILY = "1,2";
			};
			name = Debug;
		};
		9D8D6EED2F52FA9F00E8FAC5 /* Release */ = {
			isa = XCBuildConfiguration;
			buildSettings = {
				ASSETCATALOG_COMPILER_APPICON_NAME = AppIcon;
				ASSETCATALOG_COMPILER_GLOBAL_ACCENT_COLOR_NAME = AccentColor;
				CODE_SIGN_STYLE = Automatic;
				CURRENT_PROJECT_VERSION = 1;
				DEVELOPMENT_TEAM = JX5A77F37B;
				ENABLE_PREVIEWS = YES;
				GENERATE_INFOPLIST_FILE = YES;
				INFOPLIST_FILE = GreenRoute/Info.plist;
				INFOPLIST_KEY_BGTaskSchedulerPermittedIdentifiers = com.greenroute.inactivity;
				INFOPLIST_KEY_NSLocationAlwaysAndWhenInUseUsageDescription = "Green​Route uses your location to suggest green breaks even when the app is in the background.\nGreen​Route uses your location to suggest green breaks even when the app is in the background";
				INFOPLIST_KEY_NSLocationWhenInUseUsageDescription = "GreenRoute uses your location to find green areas nearby";
				INFOPLIST_KEY_NSMotionUsageDescription = "GreenRoute uses Motion Data";
				INFOPLIST_KEY_UIApplicationSceneManifest_Generation = YES;
				INFOPLIST_KEY_UIApplicationSupportsIndirectInputEvents = YES;
				INFOPLIST_KEY_UIBackgroundModes = "fetch location";
				INFOPLIST_KEY_UILaunchScreen_Generation = YES;
				INFOPLIST_KEY_UISupportedInterfaceOrientations_iPad = "UIInterfaceOrientationPortrait UIInterfaceOrientationPortraitUpsideDown UIInterfaceOrientationLandscapeLeft UIInterfaceOrientationLandscapeRight";
				INFOPLIST_KEY_UISupportedInterfaceOrientations_iPhone = "UIInterfaceOrientationPortrait UIInterfaceOrientationLandscapeLeft UIInterfaceOrientationLandscapeRight";
				LD_RUNPATH_SEARCH_PATHS = (
					"$(inherited)",
					"@executable_path/Frameworks",
				);
				MARKETING_VERSION = 1.0;
				PRODUCT_BUNDLE_IDENTIFIER = com.fegdgtr.greenroute;
				PRODUCT_NAME = "$(TARGET_NAME)";
				STRING_CATALOG_GENERATE_SYMBOLS = YES;
				SWIFT_APPROACHABLE_CONCURRENCY = YES;
				SWIFT_DEFAULT_ACTOR_ISOLATION = MainActor;
				SWIFT_EMIT_LOC_STRINGS = YES;
				SWIFT_UPCOMING_FEATURE_MEMBER_IMPORT_VISIBILITY = YES;
				SWIFT_VERSION = 5.0;
				TARGETED_DEVICE_FAMILY = "1,2";
			};
			name = Release;
		};
		9D8D6EEF2F52FA9F00E8FAC5 /* Debug */ = {
			isa = XCBuildConfiguration;
			buildSettings = {
				BUNDLE_LOADER = "$(TEST_HOST)";
				CODE_SIGN_STYLE = Automatic;
				CURRENT_PROJECT_VERSION = 1;
				DEVELOPMENT_TEAM = JX5A77F37B;
				GENERATE_INFOPLIST_FILE = YES;
				IPHONEOS_DEPLOYMENT_TARGET = 26.2;
				MARKETING_VERSION = 1.0;
				PRODUCT_BUNDLE_IDENTIFIER = feg.dgtr.GreenRouteTests;
				PRODUCT_NAME = "$(TARGET_NAME)";
				STRING_CATALOG_GENERATE_SYMBOLS = NO;
				SWIFT_APPROACHABLE_CONCURRENCY = YES;
				SWIFT_EMIT_LOC_STRINGS = NO;
				SWIFT_UPCOMING_FEATURE_MEMBER_IMPORT_VISIBILITY = YES;
				SWIFT_VERSION = 5.0;
				TARGETED_DEVICE_FAMILY = "1,2";
				TEST_HOST = "$(BUILT_PRODUCTS_DIR)/GreenRoute.app/$(BUNDLE_EXECUTABLE_FOLDER_PATH)/GreenRoute";
			};
			name = Debug;
		};
		9D8D6EF02F52FA9F00E8FAC5 /* Release */ = {
			isa = XCBuildConfiguration;
			buildSettings = {
				BUNDLE_LOADER = "$(TEST_HOST)";
				CODE_SIGN_STYLE = Automatic;
				CURRENT_PROJECT_VERSION = 1;
				DEVELOPMENT_TEAM = JX5A77F37B;
				GENERATE_INFOPLIST_FILE = YES;
				IPHONEOS_DEPLOYMENT_TARGET = 26.2;
				MARKETING_VERSION = 1.0;
				PRODUCT_BUNDLE_IDENTIFIER = feg.dgtr.GreenRouteTests;
				PRODUCT_NAME = "$(TARGET_NAME)";
				STRING_CATALOG_GENERATE_SYMBOLS = NO;
				SWIFT_APPROACHABLE_CONCURRENCY = YES;
				SWIFT_EMIT_LOC_STRINGS = NO;
				SWIFT_UPCOMING_FEATURE_MEMBER_IMPORT_VISIBILITY = YES;
				SWIFT_VERSION = 5.0;
				TARGETED_DEVICE_FAMILY = "1,2";
				TEST_HOST = "$(BUILT_PRODUCTS_DIR)/GreenRoute.app/$(BUNDLE_EXECUTABLE_FOLDER_PATH)/GreenRoute";
			};
			name = Release;
		};
		9D8D6EF22F52FA9F00E8FAC5 /* Debug */ = {
			isa = XCBuildConfiguration;
			buildSettings = {
				CODE_SIGN_STYLE = Automatic;
				CURRENT_PROJECT_VERSION = 1;
				DEVELOPMENT_TEAM = JX5A77F37B;
				GENERATE_INFOPLIST_FILE = YES;
				MARKETING_VERSION = 1.0;
				PRODUCT_BUNDLE_IDENTIFIER = feg.dgtr.GreenRouteUITests;
				PRODUCT_NAME = "$(TARGET_NAME)";
				STRING_CATALOG_GENERATE_SYMBOLS = NO;
				SWIFT_APPROACHABLE_CONCURRENCY = YES;
				SWIFT_EMIT_LOC_STRINGS = NO;
				SWIFT_UPCOMING_FEATURE_MEMBER_IMPORT_VISIBILITY = YES;
				SWIFT_VERSION = 5.0;
				TARGETED_DEVICE_FAMILY = "1,2";
				TEST_TARGET_NAME = GreenRoute;
			};
			name = Debug;
		};
		9D8D6EF32F52FA9F00E8FAC5 /* Release */ = {
			isa = XCBuildConfiguration;
			buildSettings = {
				CODE_SIGN_STYLE = Automatic;
				CURRENT_PROJECT_VERSION = 1;
				DEVELOPMENT_TEAM = JX5A77F37B;
				GENERATE_INFOPLIST_FILE = YES;
				MARKETING_VERSION = 1.0;
				PRODUCT_BUNDLE_IDENTIFIER = feg.dgtr.GreenRouteUITests;
				PRODUCT_NAME = "$(TARGET_NAME)";
				STRING_CATALOG_GENERATE_SYMBOLS = NO;
				SWIFT_APPROACHABLE_CONCURRENCY = YES;
				SWIFT_EMIT_LOC_STRINGS = NO;
				SWIFT_UPCOMING_FEATURE_MEMBER_IMPORT_VISIBILITY = YES;
				SWIFT_VERSION = 5.0;
				TARGETED_DEVICE_FAMILY = "1,2";
				TEST_TARGET_NAME = GreenRoute;
			};
			name = Release;
		};
/* End XCBuildConfiguration section */

/* Begin XCConfigurationList section */
		9D8D6EC32F52FA9E00E8FAC5 /* Build configuration list for PBXProject "GreenRoute" */ = {
			isa = XCConfigurationList;
			buildConfigurations = (
				9D8D6EE92F52FA9F00E8FAC5 /* Debug */,
				9D8D6EEA2F52FA9F00E8FAC5 /* Release */,
			);
			defaultConfigurationIsVisible = 0;
			defaultConfigurationName = Release;
		};
		9D8D6EEB2F52FA9F00E8FAC5 /* Build configuration list for PBXNativeTarget "GreenRoute" */ = {
			isa = XCConfigurationList;
			buildConfigurations = (
				9D8D6EEC2F52FA9F00E8FAC5 /* Debug */,
				9D8D6EED2F52FA9F00E8FAC5 /* Release */,
			);
			defaultConfigurationIsVisible = 0;
			defaultConfigurationName = Release;
		};
		9D8D6EEE2F52FA9F00E8FAC5 /* Build configuration list for PBXNativeTarget "GreenRouteTests" */ = {
			isa = XCConfigurationList;
			buildConfigurations = (
				9D8D6EEF2F52FA9F00E8FAC5 /* Debug */,
				9D8D6EF02F52FA9F00E8FAC5 /* Release */,
			);
			defaultConfigurationIsVisible = 0;
			defaultConfigurationName = Release;
		};
		9D8D6EF12F52FA9F00E8FAC5 /* Build configuration list for PBXNativeTarget "GreenRouteUITests" */ = {
			isa = XCConfigurationList;
			buildConfigurations = (
				9D8D6EF22F52FA9F00E8FAC5 /* Debug */,
				9D8D6EF32F52FA9F00E8FAC5 /* Release */,
			);
			defaultConfigurationIsVisible = 0;
			defaultConfigurationName = Release;
		};
/* End XCConfigurationList section */

/* Begin XCLocalSwiftPackageReference section */
		9D41E6772FA0C86300359536 /* XCLocalSwiftPackageReference "Packages/GreenRouteDomain" */ = {
			isa = XCLocalSwiftPackageReference;
			relativePath = Packages/GreenRouteDomain;
		};
		9D45EF922F6997AB00E02F08 /* XCLocalSwiftPackageReference "Packages/GreenRouteData" */ = {
			isa = XCLocalSwiftPackageReference;
			relativePath = Packages/GreenRouteData;
		};
		9D45EF932F6997B800E02F08 /* XCLocalSwiftPackageReference "Packages/GreenRouteService" */ = {
			isa = XCLocalSwiftPackageReference;
			relativePath = Packages/GreenRouteService;
		};
/* End XCLocalSwiftPackageReference section */

/* Begin XCSwiftPackageProductDependency section */
		9D45EF9C2F6998D300E02F08 /* GreenRouteService */ = {
			isa = XCSwiftPackageProductDependency;
			package = 9D45EF932F6997B800E02F08 /* XCLocalSwiftPackageReference "Packages/GreenRouteService" */;
			productName = GreenRouteService;
		};
		9D45EF9E2F6998D700E02F08 /* GreenRouteData */ = {
			isa = XCSwiftPackageProductDependency;
			package = 9D45EF922F6997AB00E02F08 /* XCLocalSwiftPackageReference "Packages/GreenRouteData" */;
			productName = GreenRouteData;
		};
		9DEE0A2B2FA0C8C100F9A018 /* GreenRouteDomain */ = {
			isa = XCSwiftPackageProductDependency;
			package = 9D41E6772FA0C86300359536 /* XCLocalSwiftPackageReference "Packages/GreenRouteDomain" */;
			productName = GreenRouteDomain;
		};
/* End XCSwiftPackageProductDependency section */
	};
	rootObject = 9D8D6EC02F52FA9E00E8FAC5 /* Project object */;
}
